// !$*UTF8*$!
{
	archiveVersion = 1;
	classes = {
	};
	objectVersion = 56;
	objects = {

/* Begin PBXBuildFile section */
		FD4858482918B0A300D29496 /* AppDelegate.swift in Sources */ = {isa = PBXBuildFile; fileRef = FD4858472918B0A300D29496 /* AppDelegate.swift */; };
		FD48584A2918B0A300D29496 /* SceneDelegate.swift in Sources */ = {isa = PBXBuildFile; fileRef = FD4858492918B0A300D29496 /* SceneDelegate.swift */; };
		FD48584C2918B0A300D29496 /* WeatherViewController.swift in Sources */ = {isa = PBXBuildFile; fileRef = FD48584B2918B0A300D29496 /* WeatherViewController.swift */; };
		FD48584F2918B0A300D29496 /* Main.storyboard in Resources */ = {isa = PBXBuildFile; fileRef = FD48584D2918B0A300D29496 /* Main.storyboard */; };
		FD4858512918B0A400D29496 /* Assets.xcassets in Resources */ = {isa = PBXBuildFile; fileRef = FD4858502918B0A400D29496 /* Assets.xcassets */; };
		FD4858542918B0A400D29496 /* LaunchScreen.storyboard in Resources */ = {isa = PBXBuildFile; fileRef = FD4858522918B0A400D29496 /* LaunchScreen.storyboard */; };
		FD623BF92919225C00A8D4E7 /* WeatherManager.swift in Sources */ = {isa = PBXBuildFile; fileRef = FD623BF82919225C00A8D4E7 /* WeatherManager.swift */; };
		FD623BFB2919227100A8D4E7 /* WeatherData.swift in Sources */ = {isa = PBXBuildFile; fileRef = FD623BFA2919227100A8D4E7 /* WeatherData.swift */; };
		FD623BFD2919228900A8D4E7 /* WeatherModel.swift in Sources */ = {isa = PBXBuildFile; fileRef = FD623BFC2919228900A8D4E7 /* WeatherModel.swift */; };
/* End PBXBuildFile section */

/* Begin PBXContainerItemProxy section */
		FD48585B2918B0A400D29496 /* PBXContainerItemProxy */ = {
			isa = PBXContainerItemProxy;
			containerPortal = FD48583C2918B0A300D29496 /* Project object */;
			proxyType = 1;
			remoteGlobalIDString = FD4858432918B0A300D29496;
			remoteInfo = demoApp;
		};
		FD4858652918B0A400D29496 /* PBXContainerItemProxy */ = {
			isa = PBXContainerItemProxy;
			containerPortal = FD48583C2918B0A300D29496 /* Project object */;
			proxyType = 1;
			remoteGlobalIDString = FD4858432918B0A300D29496;
			remoteInfo = demoApp;
		};
/* End PBXContainerItemProxy section */

/* Begin PBXFileReference section */
		FD4858442918B0A300D29496 /* demoApp.app */ = {isa = PBXFileReference; explicitFileType = wrapper.application; includeInIndex = 0; path = demoApp.app; sourceTree = BUILT_PRODUCTS_DIR; };
		FD4858472918B0A300D29496 /* AppDelegate.swift */ = {isa = PBXFileReference; lastKnownFileType = sourcecode.swift; path = AppDelegate.swift; sourceTree = "<group>"; };
		FD4858492918B0A300D29496 /* SceneDelegate.swift */ = {isa = PBXFileReference; lastKnownFileType = sourcecode.swift; path = SceneDelegate.swift; sourceTree = "<group>"; };
		FD48584B2918B0A300D29496 /* WeatherViewController.swift */ = {isa = PBXFileReference; lastKnownFileType = sourcecode.swift; path = WeatherViewController.swift; sourceTree = "<group>"; };
		FD48584E2918B0A300D29496 /* Base */ = {isa = PBXFileReference; lastKnownFileType = file.storyboard; name = Base; path = Base.lproj/Main.storyboard; sourceTree = "<group>"; };
		FD4858502918B0A400D29496 /* Assets.xcassets */ = {isa = PBXFileReference; lastKnownFileType = folder.assetcatalog; path = Assets.xcassets; sourceTree = "<group>"; };
		FD4858532918B0A400D29496 /* Base */ = {isa = PBXFileReference; lastKnownFileType = file.storyboard; name = Base; path = Base.lproj/LaunchScreen.storyboard; sourceTree = "<group>"; };
		FD4858552918B0A400D29496 /* Info.plist */ = {isa = PBXFileReference; lastKnownFileType = text.plist.xml; path = Info.plist; sourceTree = "<group>"; };
		FD48585A2918B0A400D29496 /* demoAppTests.xctest */ = {isa = PBXFileReference; explicitFileType = wrapper.cfbundle; includeInIndex = 0; path = demoAppTests.xctest; sourceTree = BUILT_PRODUCTS_DIR; };
		FD4858642918B0A400D29496 /* demoAppUITests.xctest */ = {isa = PBXFileReference; explicitFileType = wrapper.cfbundle; includeInIndex = 0; path = demoAppUITests.xctest; sourceTree = BUILT_PRODUCTS_DIR; };
		FD623BF82919225C00A8D4E7 /* WeatherManager.swift */ = {isa = PBXFileReference; lastKnownFileType = sourcecode.swift; path = WeatherManager.swift; sourceTree = "<group>"; };
		FD623BFA2919227100A8D4E7 /* WeatherData.swift */ = {isa = PBXFileReference; lastKnownFileType = sourcecode.swift; path = WeatherData.swift; sourceTree = "<group>"; };
		FD623BFC2919228900A8D4E7 /* WeatherModel.swift */ = {isa = PBXFileReference; lastKnownFileType = sourcecode.swift; path = WeatherModel.swift; sourceTree = "<group>"; };
/* End PBXFileReference section */

/* Begin PBXFrameworksBuildPhase section */
		FD4858412918B0A300D29496 /* Frameworks */ = {
			isa = PBXFrameworksBuildPhase;
			buildActionMask = 2147483647;
			files = (
			);
			runOnlyForDeploymentPostprocessing = 0;
		};
		FD4858572918B0A400D29496 /* Frameworks */ = {
			isa = PBXFrameworksBuildPhase;
			buildActionMask = 2147483647;
			files = (
			);
			runOnlyForDeploymentPostprocessing = 0;
		};
		FD4858612918B0A400D29496 /* Frameworks */ = {
			isa = PBXFrameworksBuildPhase;
			buildActionMask = 2147483647;
			files = (
			);
			runOnlyForDeploymentPostprocessing = 0;
		};
/* End PBXFrameworksBuildPhase section */

/* Begin PBXGroup section */
		FD48583B2918B0A300D29496 = {
			isa = PBXGroup;
			children = (
				FD4858462918B0A300D29496 /* demoApp */,
				FD4858452918B0A300D29496 /* Products */,
			);
			sourceTree = "<group>";
		};
		FD4858452918B0A300D29496 /* Products */ = {
			isa = PBXGroup;
			children = (
				FD4858442918B0A300D29496 /* demoApp.app */,
				FD48585A2918B0A400D29496 /* demoAppTests.xctest */,
				FD4858642918B0A400D29496 /* demoAppUITests.xctest */,
			);
			name = Products;
			sourceTree = "<group>";
		};
		FD4858462918B0A300D29496 /* demoApp */ = {
			isa = PBXGroup;
			children = (
				FD4858472918B0A300D29496 /* AppDelegate.swift */,
				FD4858492918B0A300D29496 /* SceneDelegate.swift */,
				FD623BF5291921B000A8D4E7 /* Model */,
				FD623BF6291921C400A8D4E7 /* View */,
				FD623BF7291921D200A8D4E7 /* Controller */,
				FD4858502918B0A400D29496 /* Assets.xcassets */,
				FD4858522918B0A400D29496 /* LaunchScreen.storyboard */,
				FD4858552918B0A400D29496 /* Info.plist */,
			);
			path = demoApp;
			sourceTree = "<group>";
		};
		FD623BF5291921B000A8D4E7 /* Model */ = {
			isa = PBXGroup;
			children = (
				FD623BFA2919227100A8D4E7 /* WeatherData.swift */,
				FD623BF82919225C00A8D4E7 /* WeatherManager.swift */,
				FD623BFC2919228900A8D4E7 /* WeatherModel.swift */,
			);
			path = Model;
			sourceTree = "<group>";
		};
		FD623BF6291921C400A8D4E7 /* View */ = {
			isa = PBXGroup;
			children = (
				FD48584D2918B0A300D29496 /* Main.storyboard */,
			);
			path = View;
			sourceTree = "<group>";
		};
		FD623BF7291921D200A8D4E7 /* Controller */ = {
			isa = PBXGroup;
			children = (
				FD48584B2918B0A300D29496 /* WeatherViewController.swift */,
			);
			path = Controller;
			sourceTree = "<group>";
		};
/* End PBXGroup section */

/* Begin PBXNativeTarget section */
		FD4858432918B0A300D29496 /* demoApp */ = {
			isa = PBXNativeTarget;
			buildConfigurationList = FD48586E2918B0A400D29496 /* Build configuration list for PBXNativeTarget "demoApp" */;
			buildPhases = (
				FD4858402918B0A300D29496 /* Sources */,
				FD4858412918B0A300D29496 /* Frameworks */,
				FD4858422918B0A300D29496 /* Resources */,
			);
			buildRules = (
			);
			dependencies = (
			);
			name = demoApp;
			productName = demoApp;
			productReference = FD4858442918B0A300D29496 /* demoApp.app */;
			productType = "com.apple.product-type.application";
		};
		FD4858592918B0A400D29496 /* demoAppTests */ = {
			isa = PBXNativeTarget;
			buildConfigurationList = FD4858712918B0A400D29496 /* Build configuration list for PBXNativeTarget "demoAppTests" */;
			buildPhases = (
				FD4858562918B0A400D29496 /* Sources */,
				FD4858572918B0A400D29496 /* Frameworks */,
				FD4858582918B0A400D29496 /* Resources */,
			);
			buildRules = (
			);
			dependencies = (
				FD48585C2918B0A400D29496 /* PBXTargetDependency */,
			);
			name = demoAppTests;
			productName = demoAppTests;
			productReference = FD48585A2918B0A400D29496 /* demoAppTests.xctest */;
			productType = "com.apple.product-type.bundle.unit-test";
		};
		FD4858632918B0A400D29496 /* demoAppUITests */ = {
			isa = PBXNativeTarget;
			buildConfigurationList = FD4858742918B0A400D29496 /* Build configuration list for PBXNativeTarget "demoAppUITests" */;
			buildPhases = (
				FD4858602918B0A400D29496 /* Sources */,
				FD4858612918B0A400D29496 /* Frameworks */,
				FD4858622918B0A400D29496 /* Resources */,
			);
			buildRules = (
			);
			dependencies = (
				FD4858662918B0A400D29496 /* PBXTargetDependency */,
			);
			name = demoAppUITests;
			productName = demoAppUITests;
			productReference = FD4858642918B0A400D29496 /* demoAppUITests.xctest */;
			productType = "com.apple.product-type.bundle.ui-testing";
		};
/* End PBXNativeTarget section */

/* Begin PBXProject section */
		FD48583C2918B0A300D29496 /* Project object */ = {
			isa = PBXProject;
			attributes = {
				BuildIndependentTargetsInParallel = 1;
				LastSwiftUpdateCheck = 1410;
				LastUpgradeCheck = 1410;
				TargetAttributes = {
					FD4858432918B0A300D29496 = {
						CreatedOnToolsVersion = 14.1;
					};
					FD4858592918B0A400D29496 = {
						CreatedOnToolsVersion = 14.1;
						TestTargetID = FD4858432918B0A300D29496;
					};
					FD4858632918B0A400D29496 = {
						CreatedOnToolsVersion = 14.1;
						TestTargetID = FD4858432918B0A300D29496;
					};
				};
			};
			buildConfigurationList = FD48583F2918B0A300D29496 /* Build configuration list for PBXProject "demoApp" */;
			compatibilityVersion = "Xcode 14.0";
			developmentRegion = en;
			hasScannedForEncodings = 0;
			knownRegions = (
				en,
				Base,
			);
			mainGroup = FD48583B2918B0A300D29496;
			productRefGroup = FD4858452918B0A300D29496 /* Products */;
			projectDirPath = "";
			projectRoot = "";
			targets = (
				FD4858432918B0A300D29496 /* demoApp */,
				FD4858592918B0A400D29496 /* demoAppTests */,
				FD4858632918B0A400D29496 /* demoAppUITests */,
			);
		};
/* End PBXProject section */

/* Begin PBXResourcesBuildPhase section */
		FD4858422918B0A300D29496 /* Resources */ = {
			isa = PBXResourcesBuildPhase;
			buildActionMask = 2147483647;
			files = (
				FD4858542918B0A400D29496 /* LaunchScreen.storyboard in Resources */,
				FD4858512918B0A400D29496 /* Assets.xcassets in Resources */,
				FD48584F2918B0A300D29496 /* Main.storyboard in Resources */,
			);
			runOnlyForDeploymentPostprocessing = 0;
		};
		FD4858582918B0A400D29496 /* Resources */ = {
			isa = PBXResourcesBuildPhase;
			buildActionMask = 2147483647;
			files = (
			);
			runOnlyForDeploymentPostprocessing = 0;
		};
		FD4858622918B0A400D29496 /* Resources */ = {
			isa = PBXResourcesBuildPhase;
			buildActionMask = 2147483647;
			files = (
			);
			runOnlyForDeploymentPostprocessing = 0;
		};
/* End PBXResourcesBuildPhase section */

/* Begin PBXSourcesBuildPhase section */
		FD4858402918B0A300D29496 /* Sources */ = {
			isa = PBXSourcesBuildPhase;
			buildActionMask = 2147483647;
			files = (
				FD48584C2918B0A300D29496 /* WeatherViewController.swift in Sources */,
				FD623BFB2919227100A8D4E7 /* WeatherData.swift in Sources */,
				FD4858482918B0A300D29496 /* AppDelegate.swift in Sources */,
				FD623BF92919225C00A8D4E7 /* WeatherManager.swift in Sources */,
				FD623BFD2919228900A8D4E7 /* WeatherModel.swift in Sources */,
				FD48584A2918B0A300D29496 /* SceneDelegate.swift in Sources */,
			);
			runOnlyForDeploymentPostprocessing = 0;
		};
		FD4858562918B0A400D29496 /* Sources */ = {
			isa = PBXSourcesBuildPhase;
			buildActionMask = 2147483647;
			files = (
			);
			runOnlyForDeploymentPostprocessing = 0;
		};
		FD4858602918B0A400D29496 /* Sources */ = {
			isa = PBXSourcesBuildPhase;
			buildActionMask = 2147483647;
			files = (
			);
			runOnlyForDeploymentPostprocessing = 0;
		};
/* End PBXSourcesBuildPhase section */

/* Begin PBXTargetDependency section */
		FD48585C2918B0A400D29496 /* PBXTargetDependency */ = {
			isa = PBXTargetDependency;
			target = FD4858432918B0A300D29496 /* demoApp */;
			targetProxy = FD48585B2918B0A400D29496 /* PBXContainerItemProxy */;
		};
		FD4858662918B0A400D29496 /* PBXTargetDependency */ = {
			isa = PBXTargetDependency;
			target = FD4858432918B0A300D29496 /* demoApp */;
			targetProxy = FD4858652918B0A400D29496 /* PBXContainerItemProxy */;
		};
/* End PBXTargetDependency section */

/* Begin PBXVariantGroup section */
		FD48584D2918B0A300D29496 /* Main.storyboard */ = {
			isa = PBXVariantGroup;
			children = (
				FD48584E2918B0A300D29496 /* Base */,
			);
			name = Main.storyboard;
			sourceTree = "<group>";
		};
		FD4858522918B0A400D29496 /* LaunchScreen.storyboard */ = {
			isa = PBXVariantGroup;
			children = (
				FD4858532918B0A400D29496 /* Base */,
			);
			name = LaunchScreen.storyboard;
			sourceTree = "<group>";
		};
/* End PBXVariantGroup section */

/* Begin XCBuildConfiguration section */
		FD48586C2918B0A400D29496 /* Debug */ = {
			isa = XCBuildConfiguration;
			buildSettings = {
				ALWAYS_SEARCH_USER_PATHS = NO;
				CLANG_ANALYZER_NONNULL = YES;
				CLANG_ANALYZER_NUMBER_OBJECT_CONVERSION = YES_AGGRESSIVE;
				CLANG_CXX_LANGUAGE_STANDARD = "gnu++20";
				CLANG_ENABLE_MODULES = YES;
				CLANG_ENABLE_OBJC_ARC = YES;
				CLANG_ENABLE_OBJC_WEAK = YES;
				CLANG_WARN_BLOCK_CAPTURE_AUTORELEASING = YES;
				CLANG_WARN_BOOL_CONVERSION = YES;
				CLANG_WARN_COMMA = YES;
				CLANG_WARN_CONSTANT_CONVERSION = YES;
				CLANG_WARN_DEPRECATED_OBJC_IMPLEMENTATIONS = YES;
				CLANG_WARN_DIRECT_OBJC_ISA_USAGE = YES_ERROR;
				CLANG_WARN_DOCUMENTATION_COMMENTS = YES;
				CLANG_WARN_EMPTY_BODY = YES;
				CLANG_WARN_ENUM_CONVERSION = YES;
				CLANG_WARN_INFINITE_RECURSION = YES;
				CLANG_WARN_INT_CONVERSION = YES;
				CLANG_WARN_NON_LITERAL_NULL_CONVERSION = YES;
				CLANG_WARN_OBJC_IMPLICIT_RETAIN_SELF = YES;
				CLANG_WARN_OBJC_LITERAL_CONVERSION = YES;
				CLANG_WARN_OBJC_ROOT_CLASS = YES_ERROR;
				CLANG_WARN_QUOTED_INCLUDE_IN_FRAMEWORK_HEADER = YES;
				CLANG_WARN_RANGE_LOOP_ANALYSIS = YES;
				CLANG_WARN_STRICT_PROTOTYPES = YES;
				CLANG_WARN_SUSPICIOUS_MOVE = YES;
				CLANG_WARN_UNGUARDED_AVAILABILITY = YES_AGGRESSIVE;
				CLANG_WARN_UNREACHABLE_CODE = YES;
				CLANG_WARN__DUPLICATE_METHOD_MATCH = YES;
				COPY_PHASE_STRIP = NO;
				DEBUG_INFORMATION_FORMAT = dwarf;
				ENABLE_STRICT_OBJC_MSGSEND = YES;
				ENABLE_TESTABILITY = YES;
				GCC_C_LANGUAGE_STANDARD = gnu11;
				GCC_DYNAMIC_NO_PIC = NO;
				GCC_NO_COMMON_BLOCKS = YES;
				GCC_OPTIMIZATION_LEVEL = 0;
				GCC_PREPROCESSOR_DEFINITIONS = (
					"DEBUG=1",
					"$(inherited)",
				);
				GCC_WARN_64_TO_32_BIT_CONVERSION = YES;
				GCC_WARN_ABOUT_RETURN_TYPE = YES_ERROR;
				GCC_WARN_UNDECLARED_SELECTOR = YES;
				GCC_WARN_UNINITIALIZED_AUTOS = YES_AGGRESSIVE;
				GCC_WARN_UNUSED_FUNCTION = YES;
				GCC_WARN_UNUSED_VARIABLE = YES;
				IPHONEOS_DEPLOYMENT_TARGET = 16.1;
				MTL_ENABLE_DEBUG_INFO = INCLUDE_SOURCE;
				MTL_FAST_MATH = YES;
				ONLY_ACTIVE_ARCH = YES;
				SDKROOT = iphoneos;
				SWIFT_ACTIVE_COMPILATION_CONDITIONS = DEBUG;
				SWIFT_OPTIMIZATION_LEVEL = "-Onone";
			};
			name = Debug;
		};
		FD48586D2918B0A400D29496 /* Release */ = {
			isa = XCBuildConfiguration;
			buildSettings = {
				ALWAYS_SEARCH_USER_PATHS = NO;
				CLANG_ANALYZER_NONNULL = YES;
				CLANG_ANALYZER_NUMBER_OBJECT_CONVERSION = YES_AGGRESSIVE;
				CLANG_CXX_LANGUAGE_STANDARD = "gnu++20";
				CLANG_ENABLE_MODULES = YES;
				CLANG_ENABLE_OBJC_ARC = YES;
				CLANG_ENABLE_OBJC_WEAK = YES;
				CLANG_WARN_BLOCK_CAPTURE_AUTORELEASING = YES;
				CLANG_WARN_BOOL_CONVERSION = YES;
				CLANG_WARN_COMMA = YES;
				CLANG_WARN_CONSTANT_CONVERSION = YES;
				CLANG_WARN_DEPRECATED_OBJC_IMPLEMENTATIONS = YES;
				CLANG_WARN_DIRECT_OBJC_ISA_USAGE = YES_ERROR;
				CLANG_WARN_DOCUMENTATION_COMMENTS = YES;
				CLANG_WARN_EMPTY_BODY = YES;
				CLANG_WARN_ENUM_CONVERSION = YES;
				CLANG_WARN_INFINITE_RECURSION = YES;
				CLANG_WARN_INT_CONVERSION = YES;
				CLANG_WARN_NON_LITERAL_NULL_CONVERSION = YES;
				CLANG_WARN_OBJC_IMPLICIT_RETAIN_SELF = YES;
				CLANG_WARN_OBJC_LITERAL_CONVERSION = YES;
				CLANG_WARN_OBJC_ROOT_CLASS = YES_ERROR;
				CLANG_WARN_QUOTED_INCLUDE_IN_FRAMEWORK_HEADER = YES;
				CLANG_WARN_RANGE_LOOP_ANALYSIS = YES;
				CLANG_WARN_STRICT_PROTOTYPES = YES;
				CLANG_WARN_SUSPICIOUS_MOVE = YES;
				CLANG_WARN_UNGUARDED_AVAILABILITY = YES_AGGRESSIVE;
				CLANG_WARN_UNREACHABLE_CODE = YES;
				CLANG_WARN__DUPLICATE_METHOD_MATCH = YES;
				COPY_PHASE_STRIP = NO;
				DEBUG_INFORMATION_FORMAT = "dwarf-with-dsym";
				ENABLE_NS_ASSERTIONS = NO;
				ENABLE_STRICT_OBJC_MSGSEND = YES;
				GCC_C_LANGUAGE_STANDARD = gnu11;
				GCC_NO_COMMON_BLOCKS = YES;
				GCC_WARN_64_TO_32_BIT_CONVERSION = YES;
				GCC_WARN_ABOUT_RETURN_TYPE = YES_ERROR;
				GCC_WARN_UNDECLARED_SELECTOR = YES;
				GCC_WARN_UNINITIALIZED_AUTOS = YES_AGGRESSIVE;
				GCC_WARN_UNUSED_FUNCTION = YES;
				GCC_WARN_UNUSED_VARIABLE = YES;
				IPHONEOS_DEPLOYMENT_TARGET = 16.1;
				MTL_ENABLE_DEBUG_INFO = NO;
				MTL_FAST_MATH = YES;
				SDKROOT = iphoneos;
				SWIFT_COMPILATION_MODE = wholemodule;
				SWIFT_OPTIMIZATION_LEVEL = "-O";
				VALIDATE_PRODUCT = YES;
			};
			name = Release;
		};
		FD48586F2918B0A400D29496 /* Debug */ = {
			isa = XCBuildConfiguration;
			buildSettings = {
				ASSETCATALOG_COMPILER_APPICON_NAME = AppIcon;
				ASSETCATALOG_COMPILER_GLOBAL_ACCENT_COLOR_NAME = AccentColor;
				CODE_SIGN_STYLE = Automatic;
				CURRENT_PROJECT_VERSION = 1;
				DEVELOPMENT_TEAM = CJTYATR4VT;
				GENERATE_INFOPLIST_FILE = YES;
				INFOPLIST_FILE = demoApp/Info.plist;
				INFOPLIST_KEY_UIApplicationSupportsIndirectInputEvents = YES;
				INFOPLIST_KEY_UILaunchStoryboardName = LaunchScreen;
				INFOPLIST_KEY_UIMainStoryboardFile = Main;
				INFOPLIST_KEY_UISupportedInterfaceOrientations_iPad = "UIInterfaceOrientationPortrait UIInterfaceOrientationPortraitUpsideDown UIInterfaceOrientationLandscapeLeft UIInterfaceOrientationLandscapeRight";
				INFOPLIST_KEY_UISupportedInterfaceOrientations_iPhone = "UIInterfaceOrientationPortrait UIInterfaceOrientationLandscapeLeft UIInterfaceOrientationLandscapeRight";
				LD_RUNPATH_SEARCH_PATHS = (
					"$(inherited)",
					"@executable_path/Frameworks",
				);
				MARKETING_VERSION = 1.0;
				PRODUCT_BUNDLE_IDENTIFIER = GG.demoApp;
				PRODUCT_NAME = "$(TARGET_NAME)";
				SWIFT_EMIT_LOC_STRINGS = YES;
				SWIFT_VERSION = 5.0;
				TARGETED_DEVICE_FAMILY = "1,2";
			};
			name = Debug;
		};
		FD4858702918B0A400D29496 /* Release */ = {
			isa = XCBuildConfiguration;
			buildSettings = {
				ASSETCATALOG_COMPILER_APPICON_NAME = AppIcon;
				ASSETCATALOG_COMPILER_GLOBAL_ACCENT_COLOR_NAME = AccentColor;
				CODE_SIGN_STYLE = Automatic;
				CURRENT_PROJECT_VERSION = 1;
				DEVELOPMENT_TEAM = CJTYATR4VT;
				GENERATE_INFOPLIST_FILE = YES;
				INFOPLIST_FILE = demoApp/Info.plist;
				INFOPLIST_KEY_UIApplicationSupportsIndirectInputEvents = YES;
				INFOPLIST_KEY_UILaunchStoryboardName = LaunchScreen;
				INFOPLIST_KEY_UIMainStoryboardFile = Main;
				INFOPLIST_KEY_UISupportedInterfaceOrientations_iPad = "UIInterfaceOrientationPortrait UIInterfaceOrientationPortraitUpsideDown UIInterfaceOrientationLandscapeLeft UIInterfaceOrientationLandscapeRight";
				INFOPLIST_KEY_UISupportedInterfaceOrientations_iPhone = "UIInterfaceOrientationPortrait UIInterfaceOrientationLandscapeLeft UIInterfaceOrientationLandscapeRight";
				LD_RUNPATH_SEARCH_PATHS = (
					"$(inherited)",
					"@executable_path/Frameworks",
				);
				MARKETING_VERSION = 1.0;
				PRODUCT_BUNDLE_IDENTIFIER = GG.demoApp;
				PRODUCT_NAME = "$(TARGET_NAME)";
				SWIFT_EMIT_LOC_STRINGS = YES;
				SWIFT_VERSION = 5.0;
				TARGETED_DEVICE_FAMILY = "1,2";
			};
			name = Release;
		};
		FD4858722918B0A400D29496 /* Debug */ = {
			isa = XCBuildConfiguration;
			buildSettings = {
				ALWAYS_EMBED_SWIFT_STANDARD_LIBRARIES = YES;
				BUNDLE_LOADER = "$(TEST_HOST)";
				CODE_SIGN_STYLE = Automatic;
				CURRENT_PROJECT_VERSION = 1;
				DEVELOPMENT_TEAM = CJTYATR4VT;
				GENERATE_INFOPLIST_FILE = YES;
				IPHONEOS_DEPLOYMENT_TARGET = 16.1;
				MARKETING_VERSION = 1.0;
				PRODUCT_BUNDLE_IDENTIFIER = GG.demoAppTests;
				PRODUCT_NAME = "$(TARGET_NAME)";
				SWIFT_EMIT_LOC_STRINGS = NO;
				SWIFT_VERSION = 5.0;
				TARGETED_DEVICE_FAMILY = "1,2";
				TEST_HOST = "$(BUILT_PRODUCTS_DIR)/demoApp.app/$(BUNDLE_EXECUTABLE_FOLDER_PATH)/demoApp";
			};
			name = Debug;
		};
		FD4858732918B0A400D29496 /* Release */ = {
			isa = XCBuildConfiguration;
			buildSettings = {
				ALWAYS_EMBED_SWIFT_STANDARD_LIBRARIES = YES;
				BUNDLE_LOADER = "$(TEST_HOST)";
				CODE_SIGN_STYLE = Automatic;
				CURRENT_PROJECT_VERSION = 1;
				DEVELOPMENT_TEAM = CJTYATR4VT;
				GENERATE_INFOPLIST_FILE = YES;
				IPHONEOS_DEPLOYMENT_TARGET = 16.1;
				MARKETING_VERSION = 1.0;
				PRODUCT_BUNDLE_IDENTIFIER = GG.demoAppTests;
				PRODUCT_NAME = "$(TARGET_NAME)";
				SWIFT_EMIT_LOC_STRINGS = NO;
				SWIFT_VERSION = 5.0;
				TARGETED_DEVICE_FAMILY = "1,2";
				TEST_HOST = "$(BUILT_PRODUCTS_DIR)/demoApp.app/$(BUNDLE_EXECUTABLE_FOLDER_PATH)/demoApp";
			};
			name = Release;
		};
		FD4858752918B0A400D29496 /* Debug */ = {
			isa = XCBuildConfiguration;
			buildSettings = {
				ALWAYS_EMBED_SWIFT_STANDARD_LIBRARIES = YES;
				CODE_SIGN_STYLE = Automatic;
				CURRENT_PROJECT_VERSION = 1;
				DEVELOPMENT_TEAM = CJTYATR4VT;
				GENERATE_INFOPLIST_FILE = YES;
				MARKETING_VERSION = 1.0;
				PRODUCT_BUNDLE_IDENTIFIER = GG.demoAppUITests;
				PRODUCT_NAME = "$(TARGET_NAME)";
				SWIFT_EMIT_LOC_STRINGS = NO;
				SWIFT_VERSION = 5.0;
				TARGETED_DEVICE_FAMILY = "1,2";
				TEST_TARGET_NAME = demoApp;
			};
			name = Debug;
		};
		FD4858762918B0A400D29496 /* Release */ = {
			isa = XCBuildConfiguration;
			buildSettings = {
				ALWAYS_EMBED_SWIFT_STANDARD_LIBRARIES = YES;
				CODE_SIGN_STYLE = Automatic;
				CURRENT_PROJECT_VERSION = 1;
				DEVELOPMENT_TEAM = CJTYATR4VT;
				GENERATE_INFOPLIST_FILE = YES;
				MARKETING_VERSION = 1.0;
				PRODUCT_BUNDLE_IDENTIFIER = GG.demoAppUITests;
				PRODUCT_NAME = "$(TARGET_NAME)";
				SWIFT_EMIT_LOC_STRINGS = NO;
				SWIFT_VERSION = 5.0;
				TARGETED_DEVICE_FAMILY = "1,2";
				TEST_TARGET_NAME = demoApp;
			};
			name = Release;
		};
/* End XCBuildConfiguration section */

/* Begin XCConfigurationList section */
		FD48583F2918B0A300D29496 /* Build configuration list for PBXProject "demoApp" */ = {
			isa = XCConfigurationList;
			buildConfigurations = (
				FD48586C2918B0A400D29496 /* Debug */,
				FD48586D2918B0A400D29496 /* Release */,
			);
			defaultConfigurationIsVisible = 0;
			defaultConfigurationName = Release;
		};
		FD48586E2918B0A400D29496 /* Build configuration list for PBXNativeTarget "demoApp" */ = {
			isa = XCConfigurationList;
			buildConfigurations = (
				FD48586F2918B0A400D29496 /* Debug */,
				FD4858702918B0A400D29496 /* Release */,
			);
			defaultConfigurationIsVisible = 0;
			defaultConfigurationName = Release;
		};
		FD4858712918B0A400D29496 /* Build configuration list for PBXNativeTarget "demoAppTests" */ = {
			isa = XCConfigurationList;
			buildConfigurations = (
				FD4858722918B0A400D29496 /* Debug */,
				FD4858732918B0A400D29496 /* Release */,
			);
			defaultConfigurationIsVisible = 0;
			defaultConfigurationName = Release;
		};
		FD4858742918B0A400D29496 /* Build configuration list for PBXNativeTarget "demoAppUITests" */ = {
			isa = XCConfigurationList;
			buildConfigurations = (
				FD4858752918B0A400D29496 /* Debug */,
				FD4858762918B0A400D29496 /* Release */,
			);
			defaultConfigurationIsVisible = 0;
			defaultConfigurationName = Release;
		};
/* End XCConfigurationList section */
	};
	rootObject = FD48583C2918B0A300D29496 /* Project object */;
}
